// !$*UTF8*$!
{
	archiveVersion = 1;
	classes = {
	};
	objectVersion = 50;
	objects = {

/* Begin PBXBuildFile section */
		156E036626F38511005E7535 /* AppDelegate.swift in Sources */ = {isa = PBXBuildFile; fileRef = 156E036526F38511005E7535 /* AppDelegate.swift */; };
		156E036826F38511005E7535 /* SceneDelegate.swift in Sources */ = {isa = PBXBuildFile; fileRef = 156E036726F38511005E7535 /* SceneDelegate.swift */; };
		156E036A26F38511005E7535 /* ViewController.swift in Sources */ = {isa = PBXBuildFile; fileRef = 156E036926F38511005E7535 /* ViewController.swift */; };
		156E036D26F38511005E7535 /* Main.storyboard in Resources */ = {isa = PBXBuildFile; fileRef = 156E036B26F38511005E7535 /* Main.storyboard */; };
		156E036F26F38512005E7535 /* Assets.xcassets in Resources */ = {isa = PBXBuildFile; fileRef = 156E036E26F38512005E7535 /* Assets.xcassets */; };
		156E037226F38512005E7535 /* LaunchScreen.storyboard in Resources */ = {isa = PBXBuildFile; fileRef = 156E037026F38512005E7535 /* LaunchScreen.storyboard */; };
		AA5434C92EDA5F6A4976DC7F /* Pods_MySlidingCards.framework in Frameworks */ = {isa = PBXBuildFile; fileRef = 2D3464DF7E585349A7D9BBB1 /* Pods_MySlidingCards.framework */; };
/* End PBXBuildFile section */

/* Begin PBXFileReference section */
		156E036226F38511005E7535 /* MySlidingCards.app */ = {isa = PBXFileReference; explicitFileType = wrapper.application; includeInIndex = 0; path = MySlidingCards.app; sourceTree = BUILT_PRODUCTS_DIR; };
		156E036526F38511005E7535 /* AppDelegate.swift */ = {isa = PBXFileReference; lastKnownFileType = sourcecode.swift; path = AppDelegate.swift; sourceTree = "<group>"; };
		156E036726F38511005E7535 /* SceneDelegate.swift */ = {isa = PBXFileReference; lastKnownFileType = sourcecode.swift; path = SceneDelegate.swift; sourceTree = "<group>"; };
		156E036926F38511005E7535 /* ViewController.swift */ = {isa = PBXFileReference; lastKnownFileType = sourcecode.swift; path = ViewController.swift; sourceTree = "<group>"; };
		156E036C26F38511005E7535 /* Base */ = {isa = PBXFileReference; lastKnownFileType = file.storyboard; name = Base; path = Base.lproj/Main.storyboard; sourceTree = "<group>"; };
		156E036E26F38512005E7535 /* Assets.xcassets */ = {isa = PBXFileReference; lastKnownFileType = folder.assetcatalog; path = Assets.xcassets; sourceTree = "<group>"; };
		156E037126F38512005E7535 /* Base */ = {isa = PBXFileReference; lastKnownFileType = file.storyboard; name = Base; path = Base.lproj/LaunchScreen.storyboard; sourceTree = "<group>"; };
		156E037326F38512005E7535 /* Info.plist */ = {isa = PBXFileReference; lastKnownFileType = text.plist.xml; path = Info.plist; sourceTree = "<group>"; };
		2D3464DF7E585349A7D9BBB1 /* Pods_MySlidingCards.framework */ = {isa = PBXFileReference; explicitFileType = wrapper.framework; includeInIndex = 0; path = Pods_MySlidingCards.framework; sourceTree = BUILT_PRODUCTS_DIR; };
		4AA19DC9F3003AD0E770378B /* Pods-MySlidingCards.debug.xcconfig */ = {isa = PBXFileReference; includeInIndex = 1; lastKnownFileType = text.xcconfig; name = "Pods-MySlidingCards.debug.xcconfig"; path = "Target Support Files/Pods-MySlidingCards/Pods-MySlidingCards.debug.xcconfig"; sourceTree = "<group>"; };
		F9EFFCCD25D419882A91327E /* Pods-MySlidingCards.release.xcconfig */ = {isa = PBXFileReference; includeInIndex = 1; lastKnownFileType = text.xcconfig; name = "Pods-MySlidingCards.release.xcconfig"; path = "Target Support Files/Pods-MySlidingCards/Pods-MySlidingCards.release.xcconfig"; sourceTree = "<group>"; };
/* End PBXFileReference section */

/* Begin PBXFrameworksBuildPhase section */
		156E035F26F38511005E7535 /* Frameworks */ = {
			isa = PBXFrameworksBuildPhase;
			buildActionMask = 2147483647;
			files = (
				AA5434C92EDA5F6A4976DC7F /* Pods_MySlidingCards.framework in Frameworks */,
			);
			runOnlyForDeploymentPostprocessing = 0;
		};
/* End PBXFrameworksBuildPhase section */

/* Begin PBXGroup section */
		156E035926F38511005E7535 = {
			isa = PBXGroup;
			children = (
				156E036426F38511005E7535 /* MySlidingCards */,
				156E036326F38511005E7535 /* Products */,
				3C140DFB21FE59BAEBA39BF0 /* Pods */,
				CF82205E9E30B78895AB7645 /* Frameworks */,
			);
			sourceTree = "<group>";
		};
		156E036326F38511005E7535 /* Products */ = {
			isa = PBXGroup;
			children = (
				156E036226F38511005E7535 /* MySlidingCards.app */,
			);
			name = Products;
			sourceTree = "<group>";
		};
		156E036426F38511005E7535 /* MySlidingCards */ = {
			isa = PBXGroup;
			children = (
				156E036526F38511005E7535 /* AppDelegate.swift */,
				156E036726F38511005E7535 /* SceneDelegate.swift */,
				156E036926F38511005E7535 /* ViewController.swift */,
				156E036B26F38511005E7535 /* Main.storyboard */,
				156E036E26F38512005E7535 /* Assets.xcassets */,
				156E037026F38512005E7535 /* LaunchScreen.storyboard */,
				156E037326F38512005E7535 /* Info.plist */,
			);
			path = MySlidingCards;
			sourceTree = "<group>";
		};
		3C140DFB21FE59BAEBA39BF0 /* Pods */ = {
			isa = PBXGroup;
			children = (
				4AA19DC9F3003AD0E770378B /* Pods-MySlidingCards.debug.xcconfig */,
				F9EFFCCD25D419882A91327E /* Pods-MySlidingCards.release.xcconfig */,
			);
			name = Pods;
			path = Pods;
			sourceTree = "<group>";
		};
		CF82205E9E30B78895AB7645 /* Frameworks */ = {
			isa = PBXGroup;
			children = (
				2D3464DF7E585349A7D9BBB1 /* Pods_MySlidingCards.framework */,
			);
			name = Frameworks;
			sourceTree = "<group>";
		};
/* End PBXGroup section */

/* Begin PBXNativeTarget section */
		156E036126F38511005E7535 /* MySlidingCards */ = {
			isa = PBXNativeTarget;
			buildConfigurationList = 156E037626F38512005E7535 /* Build configuration list for PBXNativeTarget "MySlidingCards" */;
			buildPhases = (
				4B1BEDE70F57B20C2903AC14 /* [CP] Check Pods Manifest.lock */,
				156E035E26F38511005E7535 /* Sources */,
				156E035F26F38511005E7535 /* Frameworks */,
				156E036026F38511005E7535 /* Resources */,
				C4AC542D07DF460841AFF205 /* [CP] Embed Pods Frameworks */,
			);
			buildRules = (
			);
			dependencies = (
			);
			name = MySlidingCards;
			productName = MySlidingCards;
			productReference = 156E036226F38511005E7535 /* MySlidingCards.app */;
			productType = "com.apple.product-type.application";
		};
/* End PBXNativeTarget section */

/* Begin PBXProject section */
		156E035A26F38511005E7535 /* Project object */ = {
			isa = PBXProject;
			attributes = {
				LastSwiftUpdateCheck = 1220;
				LastUpgradeCheck = 1220;
				TargetAttributes = {
					156E036126F38511005E7535 = {
						CreatedOnToolsVersion = 12.2;
					};
				};
			};
			buildConfigurationList = 156E035D26F38511005E7535 /* Build configuration list for PBXProject "MySlidingCards" */;
			compatibilityVersion = "Xcode 9.3";
			developmentRegion = en;
			hasScannedForEncodings = 0;
			knownRegions = (
				en,
				Base,
			);
			mainGroup = 156E035926F38511005E7535;
			productRefGroup = 156E036326F38511005E7535 /* Products */;
			projectDirPath = "";
			projectRoot = "";
			targets = (
				156E036126F38511005E7535 /* MySlidingCards */,
			);
		};
/* End PBXProject section */

/* Begin PBXResourcesBuildPhase section */
		156E036026F38511005E7535 /* Resources */ = {
			isa = PBXResourcesBuildPhase;
			buildActionMask = 2147483647;
			files = (
				156E037226F38512005E7535 /* LaunchScreen.storyboard in Resources */,
				156E036F26F38512005E7535 /* Assets.xcassets in Resources */,
				156E036D26F38511005E7535 /* Main.storyboard in Resources */,
			);
			runOnlyForDeploymentPostprocessing = 0;
		};
/* End PBXResourcesBuildPhase section */

/* Begin PBXShellScriptBuildPhase section */
		4B1BEDE70F57B20C2903AC14 /* [CP] Check Pods Manifest.lock */ = {
			isa = PBXShellScriptBuildPhase;
			buildActionMask = 2147483647;
			files = (
			);
			inputFileListPaths = (
			);
			inputPaths = (
				"${PODS_PODFILE_DIR_PATH}/Podfile.lock",
				"${PODS_ROOT}/Manifest.lock",
			);
			name = "[CP] Check Pods Manifest.lock";
			outputFileListPaths = (
			);
			outputPaths = (
				"$(DERIVED_FILE_DIR)/Pods-MySlidingCards-checkManifestLockResult.txt",
			);
			runOnlyForDeploymentPostprocessing = 0;
			shellPath = /bin/sh;
			shellScript = "diff \"${PODS_PODFILE_DIR_PATH}/Podfile.lock\" \"${PODS_ROOT}/Manifest.lock\" > /dev/null\nif [ $? != 0 ] ; then\n    # print error to STDERR\n    echo \"error: The sandbox is not in sync with the Podfile.lock. Run 'pod install' or update your CocoaPods installation.\" >&2\n    exit 1\nfi\n# This output is used by Xcode 'outputs' to avoid re-running this script phase.\necho \"SUCCESS\" > \"${SCRIPT_OUTPUT_FILE_0}\"\n";
			showEnvVarsInLog = 0;
		};
		C4AC542D07DF460841AFF205 /* [CP] Embed Pods Frameworks */ = {
			isa = PBXShellScriptBuildPhase;
			buildActionMask = 2147483647;
			files = (
			);
			inputFileListPaths = (
				"${PODS_ROOT}/Target Support Files/Pods-MySlidingCards/Pods-MySlidingCards-frameworks-${CONFIGURATION}-input-files.xcfilelist",
			);
			name = "[CP] Embed Pods Frameworks";
			outputFileListPaths = (
				"${PODS_ROOT}/Target Support Files/Pods-MySlidingCards/Pods-MySlidingCards-frameworks-${CONFIGURATION}-output-files.xcfilelist",
			);
			runOnlyForDeploymentPostprocessing = 0;
			shellPath = /bin/sh;
			shellScript = "\"${PODS_ROOT}/Target Support Files/Pods-MySlidingCards/Pods-MySlidingCards-frameworks.sh\"\n";
			showEnvVarsInLog = 0;
		};
/* End PBXShellScriptBuildPhase section */

/* Begin PBXSourcesBuildPhase section */
		156E035E26F38511005E7535 /* Sources */ = {
			isa = PBXSourcesBuildPhase;
			buildActionMask = 2147483647;
			files = (
				156E036A26F38511005E7535 /* ViewController.swift in Sources */,
				156E036626F38511005E7535 /* AppDelegate.swift in Sources */,
				156E036826F38511005E7535 /* SceneDelegate.swift in Sources */,
			);
			runOnlyForDeploymentPostprocessing = 0;
		};
/* End PBXSourcesBuildPhase section */

/* Begin PBXVariantGroup section */
		156E036B26F38511005E7535 /* Main.storyboard */ = {
			isa = PBXVariantGroup;
			children = (
				156E036C26F38511005E7535 /* Base */,
			);
			name = Main.storyboard;
			sourceTree = "<group>";
		};
		156E037026F38512005E7535 /* LaunchScreen.storyboard */ = {
			isa = PBXVariantGroup;
			children = (
				156E037126F38512005E7535 /* Base */,
			);
			name = LaunchScreen.storyboard;
			sourceTree = "<group>";
		};
/* End PBXVariantGroup section */

/* Begin XCBuildConfiguration section */
		156E037426F38512005E7535 /* Debug */ = {
			isa = XCBuildConfiguration;
			buildSettings = {
				ALWAYS_SEARCH_USER_PATHS = NO;
				CLANG_ANALYZER_NONNULL = YES;
				CLANG_ANALYZER_NUMBER_OBJECT_CONVERSION = YES_AGGRESSIVE;
				CLANG_CXX_LANGUAGE_STANDARD = "gnu++14";
				CLANG_CXX_LIBRARY = "libc++";
				CLANG_ENABLE_MODULES = YES;
				CLANG_ENABLE_OBJC_ARC = YES;
				CLANG_ENABLE_OBJC_WEAK = YES;
				CLANG_WARN_BLOCK_CAPTURE_AUTORELEASING = YES;
				CLANG_WARN_BOOL_CONVERSION = YES;
				CLANG_WARN_COMMA = YES;
				CLANG_WARN_CONSTANT_CONVERSION = YES;
				CLANG_WARN_DEPRECATED_OBJC_IMPLEMENTATIONS = YES;
				CLANG_WARN_DIRECT_OBJC_ISA_USAGE = YES_ERROR;
				CLANG_WARN_DOCUMENTATION_COMMENTS = YES;
				CLANG_WARN_EMPTY_BODY = YES;
				CLANG_WARN_ENUM_CONVERSION = YES;
				CLANG_WARN_INFINITE_RECURSION = YES;
				CLANG_WARN_INT_CONVERSION = YES;
				CLANG_WARN_NON_LITERAL_NULL_CONVERSION = YES;
				CLANG_WARN_OBJC_IMPLICIT_RETAIN_SELF = YES;
				CLANG_WARN_OBJC_LITERAL_CONVERSION = YES;
				CLANG_WARN_OBJC_ROOT_CLASS = YES_ERROR;
				CLANG_WARN_QUOTED_INCLUDE_IN_FRAMEWORK_HEADER = YES;
				CLANG_WARN_RANGE_LOOP_ANALYSIS = YES;
				CLANG_WARN_STRICT_PROTOTYPES = YES;
				CLANG_WARN_SUSPICIOUS_MOVE = YES;
				CLANG_WARN_UNGUARDED_AVAILABILITY = YES_AGGRESSIVE;
				CLANG_WARN_UNREACHABLE_CODE = YES;
				CLANG_WARN__DUPLICATE_METHOD_MATCH = YES;
				COPY_PHASE_STRIP = NO;
				DEBUG_INFORMATION_FORMAT = dwarf;
				ENABLE_STRICT_OBJC_MSGSEND = YES;
				ENABLE_TESTABILITY = YES;
				GCC_C_LANGUAGE_STANDARD = gnu11;
				GCC_DYNAMIC_NO_PIC = NO;
				GCC_NO_COMMON_BLOCKS = YES;
				GCC_OPTIMIZATION_LEVEL = 0;
				GCC_PREPROCESSOR_DEFINITIONS = (
					"DEBUG=1",
					"$(inherited)",
				);
				GCC_WARN_64_TO_32_BIT_CONVERSION = YES;
				GCC_WARN_ABOUT_RETURN_TYPE = YES_ERROR;
				GCC_WARN_UNDECLARED_SELECTOR = YES;
				GCC_WARN_UNINITIALIZED_AUTOS = YES_AGGRESSIVE;
				GCC_WARN_UNUSED_FUNCTION = YES;
				GCC_WARN_UNUSED_VARIABLE = YES;
				IPHONEOS_DEPLOYMENT_TARGET = 14.2;
				MTL_ENABLE_DEBUG_INFO = INCLUDE_SOURCE;
				MTL_FAST_MATH = YES;
				ONLY_ACTIVE_ARCH = YES;
				SDKROOT = iphoneos;
				SWIFT_ACTIVE_COMPILATION_CONDITIONS = DEBUG;
				SWIFT_OPTIMIZATION_LEVEL = "-Onone";
			};
			name = Debug;
		};
		156E037526F38512005E7535 /* Release */ = {
			isa = XCBuildConfiguration;
			buildSettings = {
				ALWAYS_SEARCH_USER_PATHS = NO;
				CLANG_ANALYZER_NONNULL = YES;
				CLANG_ANALYZER_NUMBER_OBJECT_CONVERSION = YES_AGGRESSIVE;
				CLANG_CXX_LANGUAGE_STANDARD = "gnu++14";
				CLANG_CXX_LIBRARY = "libc++";
				CLANG_ENABLE_MODULES = YES;
				CLANG_ENABLE_OBJC_ARC = YES;
				CLANG_ENABLE_OBJC_WEAK = YES;
				CLANG_WARN_BLOCK_CAPTURE_AUTORELEASING = YES;
				CLANG_WARN_BOOL_CONVERSION = YES;
				CLANG_WARN_COMMA = YES;
				CLANG_WARN_CONSTANT_CONVERSION = YES;
				CLANG_WARN_DEPRECATED_OBJC_IMPLEMENTATIONS = YES;
				CLANG_WARN_DIRECT_OBJC_ISA_USAGE = YES_ERROR;
				CLANG_WARN_DOCUMENTATION_COMMENTS = YES;
				CLANG_WARN_EMPTY_BODY = YES;
				CLANG_WARN_ENUM_CONVERSION = YES;
				CLANG_WARN_INFINITE_RECURSION = YES;
				CLANG_WARN_INT_CONVERSION = YES;
				CLANG_WARN_NON_LITERAL_NULL_CONVERSION = YES;
				CLANG_WARN_OBJC_IMPLICIT_RETAIN_SELF = YES;
				CLANG_WARN_OBJC_LITERAL_CONVERSION = YES;
				CLANG_WARN_OBJC_ROOT_CLASS = YES_ERROR;
				CLANG_WARN_QUOTED_INCLUDE_IN_FRAMEWORK_HEADER = YES;
				CLANG_WARN_RANGE_LOOP_ANALYSIS = YES;
				CLANG_WARN_STRICT_PROTOTYPES = YES;
				CLANG_WARN_SUSPICIOUS_MOVE = YES;
				CLANG_WARN_UNGUARDED_AVAILABILITY = YES_AGGRESSIVE;
				CLANG_WARN_UNREACHABLE_CODE = YES;
				CLANG_WARN__DUPLICATE_METHOD_MATCH = YES;
				COPY_PHASE_STRIP = NO;
				DEBUG_INFORMATION_FORMAT = "dwarf-with-dsym";
				ENABLE_NS_ASSERTIONS = NO;
				ENABLE_STRICT_OBJC_MSGSEND = YES;
				GCC_C_LANGUAGE_STANDARD = gnu11;
				GCC_NO_COMMON_BLOCKS = YES;
				GCC_WARN_64_TO_32_BIT_CONVERSION = YES;
				GCC_WARN_ABOUT_RETURN_TYPE = YES_ERROR;
				GCC_WARN_UNDECLARED_SELECTOR = YES;
				GCC_WARN_UNINITIALIZED_AUTOS = YES_AGGRESSIVE;
				GCC_WARN_UNUSED_FUNCTION = YES;
				GCC_WARN_UNUSED_VARIABLE = YES;
				IPHONEOS_DEPLOYMENT_TARGET = 14.2;
				MTL_ENABLE_DEBUG_INFO = NO;
				MTL_FAST_MATH = YES;
				SDKROOT = iphoneos;
				SWIFT_COMPILATION_MODE = wholemodule;
				SWIFT_OPTIMIZATION_LEVEL = "-O";
				VALIDATE_PRODUCT = YES;
			};
			name = Release;
		};
		156E037726F38512005E7535 /* Debug */ = {
			isa = XCBuildConfiguration;
			baseConfigurationReference = 4AA19DC9F3003AD0E770378B /* Pods-MySlidingCards.debug.xcconfig */;
			buildSettings = {
				ASSETCATALOG_COMPILER_APPICON_NAME = AppIcon;
				ASSETCATALOG_COMPILER_GLOBAL_ACCENT_COLOR_NAME = AccentColor;
				CODE_SIGN_STYLE = Automatic;
				DEVELOPMENT_TEAM = K4K55XNXA6;
				INFOPLIST_FILE = MySlidingCards/Info.plist;
				LD_RUNPATH_SEARCH_PATHS = (
					"$(inherited)",
					"@executable_path/Frameworks",
				);
				PRODUCT_BUNDLE_IDENTIFIER = com.example.MySlidingCards;
				PRODUCT_NAME = "$(TARGET_NAME)";
				SWIFT_VERSION = 5.0;
				TARGETED_DEVICE_FAMILY = "1,2";
			};
			name = Debug;
		};
		156E037826F38512005E7535 /* Release */ = {
			isa = XCBuildConfiguration;
			baseConfigurationReference = F9EFFCCD25D419882A91327E /* Pods-MySlidingCards.release.xcconfig */;
			buildSettings = {
				ASSETCATALOG_COMPILER_APPICON_NAME = AppIcon;
				ASSETCATALOG_COMPILER_GLOBAL_ACCENT_COLOR_NAME = AccentColor;
				CODE_SIGN_STYLE = Automatic;
				DEVELOPMENT_TEAM = K4K55XNXA6;
				INFOPLIST_FILE = MySlidingCards/Info.plist;
				LD_RUNPATH_SEARCH_PATHS = (
					"$(inherited)",
					"@executable_path/Frameworks",
				);
				PRODUCT_BUNDLE_IDENTIFIER = com.example.MySlidingCards;
				PRODUCT_NAME = "$(TARGET_NAME)";
				SWIFT_VERSION = 5.0;
				TARGETED_DEVICE_FAMILY = "1,2";
			};
			name = Release;
		};
/* End XCBuildConfiguration section */

/* Begin XCConfigurationList section */
		156E035D26F38511005E7535 /* Build configuration list for PBXProject "MySlidingCards" */ = {
			isa = XCConfigurationList;
			buildConfigurations = (
				156E037426F38512005E7535 /* Debug */,
				156E037526F38512005E7535 /* Release */,
			);
			defaultConfigurationIsVisible = 0;
			defaultConfigurationName = Release;
		};
		156E037626F38512005E7535 /* Build configuration list for PBXNativeTarget "MySlidingCards" */ = {
			isa = XCConfigurationList;
			buildConfigurations = (
				156E037726F38512005E7535 /* Debug */,
				156E037826F38512005E7535 /* Release */,
			);
			defaultConfigurationIsVisible = 0;
			defaultConfigurationName = Release;
		};
/* End XCConfigurationList section */
	};
	rootObject = 156E035A26F38511005E7535 /* Project object */;
}
